Microsoft Visual Studio Solution File, Format Version 11.00
# Visual Studio 2008

Project("{93214E80-D2DE-A2BA-5438-2FF28FFD0646}") = "Block Breaker Infinite Unity5 - FADEINOUT", "Assembly-CSharp.csproj", "{52172C55-6141-CD69-05C9-D684FFE46FF9}"
EndProject
Global
	GlobalSection(SolutionConfigurationPlatforms) = preSolution
		Debug|Any CPU = Debug|Any CPU
		Release|Any CPU = Release|Any CPU
	EndGlobalSection
	GlobalSection(ProjectConfigurationPlatforms) = postSolution
		{52172C55-6141-CD69-05C9-D684FFE46FF9}.Debug|Any CPU.ActiveCfg = Debug|Any CPU
		{52172C55-6141-CD69-05C9-D684FFE46FF9}.Debug|Any CPU.Build.0 = Debug|Any CPU
		{52172C55-6141-CD69-05C9-D684FFE46FF9}.Release|Any CPU.ActiveCfg = Release|Any CPU
		{52172C55-6141-CD69-05C9-D684FFE46FF9}.Release|Any CPU.Build.0 = Release|Any CPU
	EndGlobalSection
	GlobalSection(SolutionProperties) = preSolution
		HideSolutionNode = FALSE
	EndGlobalSection
	GlobalSection(MonoDevelopProperties) = preSolution
		StartupItem = Assembly-CSharp.csproj
	EndGlobalSection
EndGlobal
